PODS:
  - FlutterMacOS (1.0.0)
  - proxy_manager (0.0.1):
    - FlutterMacOS

DEPENDENCIES:
  - FlutterMacOS (from `Flutter/ephemeral`)
  - proxy_manager (from `Flutter/ephemeral/.symlinks/plugins/proxy_manager/macos`)

EXTERNAL SOURCES:
  FlutterMacOS:
    :path: Flutter/ephemeral
  proxy_manager:
    :path: Flutter/ephemeral/.symlinks/plugins/proxy_manager/macos

SPEC CHECKSUMS:
  FlutterMacOS: 8f6f14fa908a6fb3fba0cd85dbd81ec4b251fb24
  proxy_manager: 542f2521a9ade938bfdd8a2ff566d95515fa7f2c

PODFILE CHECKSUM: 353c8bcc5d5b0994e508d035b5431cfe18c1dea7

COCOAPODS: 1.14.3
